
Microsoft Visual Studio Solution File, Format Version 12.00
# Visual Studio Version 17
VisualStudioVersion = 17.7.34009.444
MinimumVisualStudioVersion = 10.0.40219.1
Project("{FAE04EC0-301F-11D3-BF4B-00C04F79EFBC}") = "SalaryCalculator_REYES_IT201WMT", "SalaryCalculator_REYES_IT201WMT\SalaryCalculator_REYES_IT201WMT.csproj", "{7C835662-9956-472C-945E-CCE1CCA84E83}"
EndProject
Global
	GlobalSection(SolutionConfigurationPlatforms) = preSolution
		Debug|Any CPU = Debug|Any CPU
		Release|Any CPU = Release|Any CPU
	EndGlobalSection
	GlobalSection(ProjectConfigurationPlatforms) = postSolution
		{7C835662-9956-472C-945E-CCE1CCA84E83}.Debug|Any CPU.ActiveCfg = Debug|Any CPU
		{7C835662-9956-472C-945E-CCE1CCA84E83}.Debug|Any CPU.Build.0 = Debug|Any CPU
		{7C835662-9956-472C-945E-CCE1CCA84E83}.Release|Any CPU.ActiveCfg = Release|Any CPU
		{7C835662-9956-472C-945E-CCE1CCA84E83}.Release|Any CPU.Build.0 = Release|Any CPU
	EndGlobalSection
	GlobalSection(SolutionProperties) = preSolution
		HideSolutionNode = FALSE
	EndGlobalSection
	GlobalSection(ExtensibilityGlobals) = postSolution
		SolutionGuid = {6F1CC7D5-C5AC-4BB2-870C-7C00598CAA96}
	EndGlobalSection
EndGlobal
